// !$*UTF8*$!
{
	archiveVersion = 1;
	classes = {
	};
	objectVersion = 46;
	objects = {

/* Begin PBXBuildFile section */
		7A360EAE1748F38400709DE6 /* RDStationMovementCell.m in Sources */ = {isa = PBXBuildFile; fileRef = 7A360EAD1748F38400709DE6 /* RDStationMovementCell.m */; };
		7A360EAF1748F38400709DE6 /* RDStationMovementCell.m in Sources */ = {isa = PBXBuildFile; fileRef = 7A360EAD1748F38400709DE6 /* RDStationMovementCell.m */; };
		7A868DA417EF839C008C46D0 /* Images.xcassets in Resources */ = {isa = PBXBuildFile; fileRef = 7A868DA317EF839C008C46D0 /* Images.xcassets */; };
		7AE1E05C174417E700A94C38 /* UIKit.framework in Frameworks */ = {isa = PBXBuildFile; fileRef = 7AE1E05B174417E700A94C38 /* UIKit.framework */; };
		7AE1E05E174417E700A94C38 /* Foundation.framework in Frameworks */ = {isa = PBXBuildFile; fileRef = 7AE1E05D174417E700A94C38 /* Foundation.framework */; };
		7AE1E060174417E700A94C38 /* CoreGraphics.framework in Frameworks */ = {isa = PBXBuildFile; fileRef = 7AE1E05F174417E700A94C38 /* CoreGraphics.framework */; };
		7AE1E066174417E700A94C38 /* InfoPlist.strings in Resources */ = {isa = PBXBuildFile; fileRef = 7AE1E064174417E700A94C38 /* InfoPlist.strings */; };
		7AE1E068174417E800A94C38 /* main.m in Sources */ = {isa = PBXBuildFile; fileRef = 7AE1E067174417E800A94C38 /* main.m */; };
		7AE1E06C174417E800A94C38 /* RDAppDelegate.m in Sources */ = {isa = PBXBuildFile; fileRef = 7AE1E06B174417E800A94C38 /* RDAppDelegate.m */; };
		7AE1E06E174417E800A94C38 /* Default.png in Resources */ = {isa = PBXBuildFile; fileRef = 7AE1E06D174417E800A94C38 /* Default.png */; };
		7AE1E070174417E800A94C38 /* Default@2x.png in Resources */ = {isa = PBXBuildFile; fileRef = 7AE1E06F174417E800A94C38 /* Default@2x.png */; };
		7AE1E072174417E800A94C38 /* Default-568h@2x.png in Resources */ = {isa = PBXBuildFile; fileRef = 7AE1E071174417E800A94C38 /* Default-568h@2x.png */; };
		7AE1E075174417E800A94C38 /* MainStoryboard.storyboard in Resources */ = {isa = PBXBuildFile; fileRef = 7AE1E073174417E800A94C38 /* MainStoryboard.storyboard */; };
		7AE1E07B174417E800A94C38 /* RDViewController.m in Sources */ = {isa = PBXBuildFile; fileRef = 7AE1E07A174417E800A94C38 /* RDViewController.m */; };
		7AE1E083174417E800A94C38 /* SenTestingKit.framework in Frameworks */ = {isa = PBXBuildFile; fileRef = 7AE1E082174417E800A94C38 /* SenTestingKit.framework */; };
		7AE1E084174417E800A94C38 /* UIKit.framework in Frameworks */ = {isa = PBXBuildFile; fileRef = 7AE1E05B174417E700A94C38 /* UIKit.framework */; };
		7AE1E085174417E800A94C38 /* Foundation.framework in Frameworks */ = {isa = PBXBuildFile; fileRef = 7AE1E05D174417E700A94C38 /* Foundation.framework */; };
		7AE1E08D174417E800A94C38 /* InfoPlist.strings in Resources */ = {isa = PBXBuildFile; fileRef = 7AE1E08B174417E800A94C38 /* InfoPlist.strings */; };
		7AE1E090174417E800A94C38 /* IrishTrainsTests.m in Sources */ = {isa = PBXBuildFile; fileRef = 7AE1E08F174417E800A94C38 /* IrishTrainsTests.m */; };
		7AE1E09D1744197200A94C38 /* CoreData.framework in Frameworks */ = {isa = PBXBuildFile; fileRef = 7AE1E09C1744197200A94C38 /* CoreData.framework */; };
		7AE1E09F1744197800A94C38 /* CoreLocation.framework in Frameworks */ = {isa = PBXBuildFile; fileRef = 7AE1E09E1744197800A94C38 /* CoreLocation.framework */; };
		7AE1E0AA174421F300A94C38 /* libGTMHTTPFetcher.a in Frameworks */ = {isa = PBXBuildFile; fileRef = 7AE1E0A7174421EB00A94C38 /* libGTMHTTPFetcher.a */; };
		7AE1E0AE1744221800A94C38 /* RDAppController.m in Sources */ = {isa = PBXBuildFile; fileRef = 7AE1E0AD1744221800A94C38 /* RDAppController.m */; };
		7AE1E0AF1744221800A94C38 /* RDAppController.m in Sources */ = {isa = PBXBuildFile; fileRef = 7AE1E0AD1744221800A94C38 /* RDAppController.m */; };
		7AE1E0B21744226700A94C38 /* RDDataCache.m in Sources */ = {isa = PBXBuildFile; fileRef = 7AE1E0B11744226700A94C38 /* RDDataCache.m */; };
		7AE1E0B31744226700A94C38 /* RDDataCache.m in Sources */ = {isa = PBXBuildFile; fileRef = 7AE1E0B11744226700A94C38 /* RDDataCache.m */; };
		7AE1E0B6174422F600A94C38 /* RDNetworkOperationManager.m in Sources */ = {isa = PBXBuildFile; fileRef = 7AE1E0B5174422F600A94C38 /* RDNetworkOperationManager.m */; };
		7AE1E0B7174422F600A94C38 /* RDNetworkOperationManager.m in Sources */ = {isa = PBXBuildFile; fileRef = 7AE1E0B5174422F600A94C38 /* RDNetworkOperationManager.m */; };
		7AE1E0BA17442D7A00A94C38 /* Model.xcdatamodeld in Sources */ = {isa = PBXBuildFile; fileRef = 7AE1E0B817442D7A00A94C38 /* Model.xcdatamodeld */; };
		7AE1E0BB17442D7A00A94C38 /* Model.xcdatamodeld in Sources */ = {isa = PBXBuildFile; fileRef = 7AE1E0B817442D7A00A94C38 /* Model.xcdatamodeld */; };
		7AF6A57C174588A300030C16 /* RDStationDetailsViewController.m in Sources */ = {isa = PBXBuildFile; fileRef = 7AF6A57B174588A300030C16 /* RDStationDetailsViewController.m */; };
		7AF6A57D174588A300030C16 /* RDStationDetailsViewController.m in Sources */ = {isa = PBXBuildFile; fileRef = 7AF6A57B174588A300030C16 /* RDStationDetailsViewController.m */; };
		7AF6A58217458E6E00030C16 /* RDStationCell.m in Sources */ = {isa = PBXBuildFile; fileRef = 7AF6A58117458E6E00030C16 /* RDStationCell.m */; };
		7AF6A58317458E6E00030C16 /* RDStationCell.m in Sources */ = {isa = PBXBuildFile; fileRef = 7AF6A58117458E6E00030C16 /* RDStationCell.m */; };
		7AF6A58617458FEE00030C16 /* RDStation.m in Sources */ = {isa = PBXBuildFile; fileRef = 7AF6A58517458FEE00030C16 /* RDStation.m */; };
		7AF6A58717458FEE00030C16 /* RDStation.m in Sources */ = {isa = PBXBuildFile; fileRef = 7AF6A58517458FEE00030C16 /* RDStation.m */; };
		7AF6A58A17458FEE00030C16 /* RDTrainMovement.m in Sources */ = {isa = PBXBuildFile; fileRef = 7AF6A58917458FEE00030C16 /* RDTrainMovement.m */; };
		7AF6A58B17458FEE00030C16 /* RDTrainMovement.m in Sources */ = {isa = PBXBuildFile; fileRef = 7AF6A58917458FEE00030C16 /* RDTrainMovement.m */; };
		7AF6A58E17458FEE00030C16 /* RDTrainStop.m in Sources */ = {isa = PBXBuildFile; fileRef = 7AF6A58D17458FEE00030C16 /* RDTrainStop.m */; };
		7AF6A58F17458FEE00030C16 /* RDTrainStop.m in Sources */ = {isa = PBXBuildFile; fileRef = 7AF6A58D17458FEE00030C16 /* RDTrainStop.m */; };
		7AF6A59217458FEE00030C16 /* RDCacheEntity.m in Sources */ = {isa = PBXBuildFile; fileRef = 7AF6A59117458FEE00030C16 /* RDCacheEntity.m */; };
		7AF6A59317458FEE00030C16 /* RDCacheEntity.m in Sources */ = {isa = PBXBuildFile; fileRef = 7AF6A59117458FEE00030C16 /* RDCacheEntity.m */; };
		7AF6A59617459BD100030C16 /* RDXmlParserHelper.m in Sources */ = {isa = PBXBuildFile; fileRef = 7AF6A59517459BD100030C16 /* RDXmlParserHelper.m */; };
		7AF6A59717459BD100030C16 /* RDXmlParserHelper.m in Sources */ = {isa = PBXBuildFile; fileRef = 7AF6A59517459BD100030C16 /* RDXmlParserHelper.m */; };
		D2E070CE1745289500AF83A0 /* RDLocationManager.m in Sources */ = {isa = PBXBuildFile; fileRef = D2E070CD1745289500AF83A0 /* RDLocationManager.m */; };
/* End PBXBuildFile section */

/* Begin PBXContainerItemProxy section */
		7AE1E086174417E800A94C38 /* PBXContainerItemProxy */ = {
			isa = PBXContainerItemProxy;
			containerPortal = 7AE1E050174417E700A94C38 /* Project object */;
			proxyType = 1;
			remoteGlobalIDString = 7AE1E057174417E700A94C38;
			remoteInfo = IrishTrains;
		};
		7AE1E0A6174421EB00A94C38 /* PBXContainerItemProxy */ = {
			isa = PBXContainerItemProxy;
			containerPortal = 7AE1E0A1174421EB00A94C38 /* GTMHTTPFetcher.xcodeproj */;
			proxyType = 2;
			remoteGlobalIDString = D2AAC07E0554694100DB518D;
			remoteInfo = GTMHTTPFetcherLib;
		};
		7AE1E0A8174421EB00A94C38 /* PBXContainerItemProxy */ = {
			isa = PBXContainerItemProxy;
			containerPortal = 7AE1E0A1174421EB00A94C38 /* GTMHTTPFetcher.xcodeproj */;
			proxyType = 2;
			remoteGlobalIDString = 4F74D92F11E68BD300F2D927;
			remoteInfo = UnitTests;
		};
/* End PBXContainerItemProxy section */

/* Begin PBXFileReference section */
		7A360EAC1748F38400709DE6 /* RDStationMovementCell.h */ = {isa = PBXFileReference; fileEncoding = 4; lastKnownFileType = sourcecode.c.h; path = RDStationMovementCell.h; sourceTree = "<group>"; };
		7A360EAD1748F38400709DE6 /* RDStationMovementCell.m */ = {isa = PBXFileReference; fileEncoding = 4; lastKnownFileType = sourcecode.c.objc; path = RDStationMovementCell.m; sourceTree = "<group>"; };
		7A868DA017EF7C4C008C46D0 /* README.md */ = {isa = PBXFileReference; lastKnownFileType = text; path = README.md; sourceTree = "<group>"; };
		7A868DA317EF839C008C46D0 /* Images.xcassets */ = {isa = PBXFileReference; lastKnownFileType = folder.assetcatalog; path = Images.xcassets; sourceTree = "<group>"; };
		7AE1E058174417E700A94C38 /* IrishTrains.app */ = {isa = PBXFileReference; explicitFileType = wrapper.application; includeInIndex = 0; path = IrishTrains.app; sourceTree = BUILT_PRODUCTS_DIR; };
		7AE1E05B174417E700A94C38 /* UIKit.framework */ = {isa = PBXFileReference; lastKnownFileType = wrapper.framework; name = UIKit.framework; path = System/Library/Frameworks/UIKit.framework; sourceTree = SDKROOT; };
		7AE1E05D174417E700A94C38 /* Foundation.framework */ = {isa = PBXFileReference; lastKnownFileType = wrapper.framework; name = Foundation.framework; path = System/Library/Frameworks/Foundation.framework; sourceTree = SDKROOT; };
		7AE1E05F174417E700A94C38 /* CoreGraphics.framework */ = {isa = PBXFileReference; lastKnownFileType = wrapper.framework; name = CoreGraphics.framework; path = System/Library/Frameworks/CoreGraphics.framework; sourceTree = SDKROOT; };
		7AE1E063174417E700A94C38 /* IrishTrains-Info.plist */ = {isa = PBXFileReference; lastKnownFileType = text.plist.xml; path = "IrishTrains-Info.plist"; sourceTree = "<group>"; };
		7AE1E065174417E700A94C38 /* en */ = {isa = PBXFileReference; lastKnownFileType = text.plist.strings; name = en; path = en.lproj/InfoPlist.strings; sourceTree = "<group>"; };
		7AE1E067174417E800A94C38 /* main.m */ = {isa = PBXFileReference; lastKnownFileType = sourcecode.c.objc; path = main.m; sourceTree = "<group>"; };
		7AE1E069174417E800A94C38 /* IrishTrains-Prefix.pch */ = {isa = PBXFileReference; lastKnownFileType = sourcecode.c.h; path = "IrishTrains-Prefix.pch"; sourceTree = "<group>"; };
		7AE1E06A174417E800A94C38 /* RDAppDelegate.h */ = {isa = PBXFileReference; lastKnownFileType = sourcecode.c.h; path = RDAppDelegate.h; sourceTree = "<group>"; };
		7AE1E06B174417E800A94C38 /* RDAppDelegate.m */ = {isa = PBXFileReference; lastKnownFileType = sourcecode.c.objc; path = RDAppDelegate.m; sourceTree = "<group>"; };
		7AE1E06D174417E800A94C38 /* Default.png */ = {isa = PBXFileReference; lastKnownFileType = image.png; path = Default.png; sourceTree = "<group>"; };
		7AE1E06F174417E800A94C38 /* Default@2x.png */ = {isa = PBXFileReference; lastKnownFileType = image.png; path = "Default@2x.png"; sourceTree = "<group>"; };
		7AE1E071174417E800A94C38 /* Default-568h@2x.png */ = {isa = PBXFileReference; lastKnownFileType = image.png; path = "Default-568h@2x.png"; sourceTree = "<group>"; };
		7AE1E074174417E800A94C38 /* en */ = {isa = PBXFileReference; lastKnownFileType = file.storyboard; name = en; path = en.lproj/MainStoryboard.storyboard; sourceTree = "<group>"; };
		7AE1E079174417E800A94C38 /* RDViewController.h */ = {isa = PBXFileReference; lastKnownFileType = sourcecode.c.h; path = RDViewController.h; sourceTree = "<group>"; };
		7AE1E07A174417E800A94C38 /* RDViewController.m */ = {isa = PBXFileReference; lastKnownFileType = sourcecode.c.objc; path = RDViewController.m; sourceTree = "<group>"; };
		7AE1E081174417E800A94C38 /* IrishTrainsTests.octest */ = {isa = PBXFileReference; explicitFileType = wrapper.cfbundle; includeInIndex = 0; path = IrishTrainsTests.octest; sourceTree = BUILT_PRODUCTS_DIR; };
		7AE1E082174417E800A94C38 /* SenTestingKit.framework */ = {isa = PBXFileReference; lastKnownFileType = wrapper.framework; name = SenTestingKit.framework; path = Library/Frameworks/SenTestingKit.framework; sourceTree = DEVELOPER_DIR; };
		7AE1E08A174417E800A94C38 /* IrishTrainsTests-Info.plist */ = {isa = PBXFileReference; lastKnownFileType = text.plist.xml; path = "IrishTrainsTests-Info.plist"; sourceTree = "<group>"; };
		7AE1E08C174417E800A94C38 /* en */ = {isa = PBXFileReference; lastKnownFileType = text.plist.strings; name = en; path = en.lproj/InfoPlist.strings; sourceTree = "<group>"; };
		7AE1E08E174417E800A94C38 /* IrishTrainsTests.h */ = {isa = PBXFileReference; lastKnownFileType = sourcecode.c.h; path = IrishTrainsTests.h; sourceTree = "<group>"; };
		7AE1E08F174417E800A94C38 /* IrishTrainsTests.m */ = {isa = PBXFileReference; lastKnownFileType = sourcecode.c.objc; path = IrishTrainsTests.m; sourceTree = "<group>"; };
		7AE1E09C1744197200A94C38 /* CoreData.framework */ = {isa = PBXFileReference; lastKnownFileType = wrapper.framework; name = CoreData.framework; path = System/Library/Frameworks/CoreData.framework; sourceTree = SDKROOT; };
		7AE1E09E1744197800A94C38 /* CoreLocation.framework */ = {isa = PBXFileReference; lastKnownFileType = wrapper.framework; name = CoreLocation.framework; path = System/Library/Frameworks/CoreLocation.framework; sourceTree = SDKROOT; };
		7AE1E0A1174421EB00A94C38 /* GTMHTTPFetcher.xcodeproj */ = {isa = PBXFileReference; lastKnownFileType = "wrapper.pb-project"; name = GTMHTTPFetcher.xcodeproj; path = "third-party/gtm-http-fetcher/Source/GTMHTTPFetcher.xcodeproj"; sourceTree = "<group>"; };
		7AE1E0AC1744221800A94C38 /* RDAppController.h */ = {isa = PBXFileReference; fileEncoding = 4; lastKnownFileType = sourcecode.c.h; path = RDAppController.h; sourceTree = "<group>"; };
		7AE1E0AD1744221800A94C38 /* RDAppController.m */ = {isa = PBXFileReference; fileEncoding = 4; lastKnownFileType = sourcecode.c.objc; path = RDAppController.m; sourceTree = "<group>"; };
		7AE1E0B01744226700A94C38 /* RDDataCache.h */ = {isa = PBXFileReference; fileEncoding = 4; lastKnownFileType = sourcecode.c.h; path = RDDataCache.h; sourceTree = "<group>"; };
		7AE1E0B11744226700A94C38 /* RDDataCache.m */ = {isa = PBXFileReference; fileEncoding = 4; lastKnownFileType = sourcecode.c.objc; path = RDDataCache.m; sourceTree = "<group>"; };
		7AE1E0B4174422F600A94C38 /* RDNetworkOperationManager.h */ = {isa = PBXFileReference; fileEncoding = 4; lastKnownFileType = sourcecode.c.h; path = RDNetworkOperationManager.h; sourceTree = "<group>"; };
		7AE1E0B5174422F600A94C38 /* RDNetworkOperationManager.m */ = {isa = PBXFileReference; fileEncoding = 4; lastKnownFileType = sourcecode.c.objc; path = RDNetworkOperationManager.m; sourceTree = "<group>"; };
		7AE1E0B917442D7A00A94C38 /* Model.xcdatamodel */ = {isa = PBXFileReference; lastKnownFileType = wrapper.xcdatamodel; path = Model.xcdatamodel; sourceTree = "<group>"; };
		7AF6A57A174588A300030C16 /* RDStationDetailsViewController.h */ = {isa = PBXFileReference; fileEncoding = 4; lastKnownFileType = sourcecode.c.h; path = RDStationDetailsViewController.h; sourceTree = "<group>"; };
		7AF6A57B174588A300030C16 /* RDStationDetailsViewController.m */ = {isa = PBXFileReference; fileEncoding = 4; lastKnownFileType = sourcecode.c.objc; path = RDStationDetailsViewController.m; sourceTree = "<group>"; };
		7AF6A58017458E6E00030C16 /* RDStationCell.h */ = {isa = PBXFileReference; fileEncoding = 4; lastKnownFileType = sourcecode.c.h; path = RDStationCell.h; sourceTree = "<group>"; };
		7AF6A58117458E6E00030C16 /* RDStationCell.m */ = {isa = PBXFileReference; fileEncoding = 4; lastKnownFileType = sourcecode.c.objc; path = RDStationCell.m; sourceTree = "<group>"; };
		7AF6A58417458FEE00030C16 /* RDStation.h */ = {isa = PBXFileReference; fileEncoding = 4; lastKnownFileType = sourcecode.c.h; path = RDStation.h; sourceTree = "<group>"; };
		7AF6A58517458FEE00030C16 /* RDStation.m */ = {isa = PBXFileReference; fileEncoding = 4; lastKnownFileType = sourcecode.c.objc; path = RDStation.m; sourceTree = "<group>"; };
		7AF6A58817458FEE00030C16 /* RDTrainMovement.h */ = {isa = PBXFileReference; fileEncoding = 4; lastKnownFileType = sourcecode.c.h; path = RDTrainMovement.h; sourceTree = "<group>"; };
		7AF6A58917458FEE00030C16 /* RDTrainMovement.m */ = {isa = PBXFileReference; fileEncoding = 4; lastKnownFileType = sourcecode.c.objc; path = RDTrainMovement.m; sourceTree = "<group>"; };
		7AF6A58C17458FEE00030C16 /* RDTrainStop.h */ = {isa = PBXFileReference; fileEncoding = 4; lastKnownFileType = sourcecode.c.h; path = RDTrainStop.h; sourceTree = "<group>"; };
		7AF6A58D17458FEE00030C16 /* RDTrainStop.m */ = {isa = PBXFileReference; fileEncoding = 4; lastKnownFileType = sourcecode.c.objc; path = RDTrainStop.m; sourceTree = "<group>"; };
		7AF6A59017458FEE00030C16 /* RDCacheEntity.h */ = {isa = PBXFileReference; fileEncoding = 4; lastKnownFileType = sourcecode.c.h; path = RDCacheEntity.h; sourceTree = "<group>"; };
		7AF6A59117458FEE00030C16 /* RDCacheEntity.m */ = {isa = PBXFileReference; fileEncoding = 4; lastKnownFileType = sourcecode.c.objc; path = RDCacheEntity.m; sourceTree = "<group>"; };
		7AF6A59417459BD100030C16 /* RDXmlParserHelper.h */ = {isa = PBXFileReference; fileEncoding = 4; lastKnownFileType = sourcecode.c.h; path = RDXmlParserHelper.h; sourceTree = "<group>"; };
		7AF6A59517459BD100030C16 /* RDXmlParserHelper.m */ = {isa = PBXFileReference; fileEncoding = 4; lastKnownFileType = sourcecode.c.objc; path = RDXmlParserHelper.m; sourceTree = "<group>"; };
		D2E070CC1745289500AF83A0 /* RDLocationManager.h */ = {isa = PBXFileReference; fileEncoding = 4; lastKnownFileType = sourcecode.c.h; path = RDLocationManager.h; sourceTree = "<group>"; };
		D2E070CD1745289500AF83A0 /* RDLocationManager.m */ = {isa = PBXFileReference; fileEncoding = 4; lastKnownFileType = sourcecode.c.objc; path = RDLocationManager.m; sourceTree = "<group>"; };
/* End PBXFileReference section */

/* Begin PBXFrameworksBuildPhase section */
		7AE1E055174417E700A94C38 /* Frameworks */ = {
			isa = PBXFrameworksBuildPhase;
			buildActionMask = 2147483647;
			files = (
				7AE1E0AA174421F300A94C38 /* libGTMHTTPFetcher.a in Frameworks */,
				7AE1E09F1744197800A94C38 /* CoreLocation.framework in Frameworks */,
				7AE1E09D1744197200A94C38 /* CoreData.framework in Frameworks */,
				7AE1E05C174417E700A94C38 /* UIKit.framework in Frameworks */,
				7AE1E05E174417E700A94C38 /* Foundation.framework in Frameworks */,
				7AE1E060174417E700A94C38 /* CoreGraphics.framework in Frameworks */,
			);
			runOnlyForDeploymentPostprocessing = 0;
		};
		7AE1E07D174417E800A94C38 /* Frameworks */ = {
			isa = PBXFrameworksBuildPhase;
			buildActionMask = 2147483647;
			files = (
				7AE1E083174417E800A94C38 /* SenTestingKit.framework in Frameworks */,
				7AE1E084174417E800A94C38 /* UIKit.framework in Frameworks */,
				7AE1E085174417E800A94C38 /* Foundation.framework in Frameworks */,
			);
			runOnlyForDeploymentPostprocessing = 0;
		};
/* End PBXFrameworksBuildPhase section */

/* Begin PBXGroup section */
		7AE1E04F174417E700A94C38 = {
			isa = PBXGroup;
			children = (
				7A868DA017EF7C4C008C46D0 /* README.md */,
				7AE1E061174417E700A94C38 /* IrishTrains */,
				7AE1E088174417E800A94C38 /* IrishTrainsTests */,
				7AE1E05A174417E700A94C38 /* Frameworks */,
				7AE1E059174417E700A94C38 /* Products */,
			);
			sourceTree = "<group>";
		};
		7AE1E059174417E700A94C38 /* Products */ = {
			isa = PBXGroup;
			children = (
				7AE1E058174417E700A94C38 /* IrishTrains.app */,
				7AE1E081174417E800A94C38 /* IrishTrainsTests.octest */,
			);
			name = Products;
			sourceTree = "<group>";
		};
		7AE1E05A174417E700A94C38 /* Frameworks */ = {
			isa = PBXGroup;
			children = (
				7AE1E09E1744197800A94C38 /* CoreLocation.framework */,
				7AE1E09C1744197200A94C38 /* CoreData.framework */,
				7AE1E05B174417E700A94C38 /* UIKit.framework */,
				7AE1E05D174417E700A94C38 /* Foundation.framework */,
				7AE1E05F174417E700A94C38 /* CoreGraphics.framework */,
				7AE1E082174417E800A94C38 /* SenTestingKit.framework */,
			);
			name = Frameworks;
			sourceTree = "<group>";
		};
		7AE1E061174417E700A94C38 /* IrishTrains */ = {
			isa = PBXGroup;
			children = (
				7AE1E09A1744193600A94C38 /* Data Caching */,
				7AE1E0AB174421FD00A94C38 /* Location Manager */,
				7AE1E09B1744194300A94C38 /* Network Operations */,
				7AE1E0AC1744221800A94C38 /* RDAppController.h */,
				7AE1E0AD1744221800A94C38 /* RDAppController.m */,
				7AE1E06A174417E800A94C38 /* RDAppDelegate.h */,
				7AE1E06B174417E800A94C38 /* RDAppDelegate.m */,
				7AE1E062174417E700A94C38 /* Supporting Files */,
				7AE1E0A0174421DD00A94C38 /* third-party */,
				7AE1E0991744191A00A94C38 /* UI Classes */,
				7A868DA317EF839C008C46D0 /* Images.xcassets */,
			);
			path = IrishTrains;
			sourceTree = "<group>";
		};
		7AE1E062174417E700A94C38 /* Supporting Files */ = {
			isa = PBXGroup;
			children = (
				7AE1E063174417E700A94C38 /* IrishTrains-Info.plist */,
				7AE1E064174417E700A94C38 /* InfoPlist.strings */,
				7AE1E067174417E800A94C38 /* main.m */,
				7AE1E069174417E800A94C38 /* IrishTrains-Prefix.pch */,
				7AE1E06D174417E800A94C38 /* Default.png */,
				7AE1E06F174417E800A94C38 /* Default@2x.png */,
				7AE1E071174417E800A94C38 /* Default-568h@2x.png */,
			);
			name = "Supporting Files";
			sourceTree = "<group>";
		};
		7AE1E088174417E800A94C38 /* IrishTrainsTests */ = {
			isa = PBXGroup;
			children = (
				7AE1E08E174417E800A94C38 /* IrishTrainsTests.h */,
				7AE1E08F174417E800A94C38 /* IrishTrainsTests.m */,
				7AE1E089174417E800A94C38 /* Supporting Files */,
			);
			path = IrishTrainsTests;
			sourceTree = "<group>";
		};
		7AE1E089174417E800A94C38 /* Supporting Files */ = {
			isa = PBXGroup;
			children = (
				7AE1E08A174417E800A94C38 /* IrishTrainsTests-Info.plist */,
				7AE1E08B174417E800A94C38 /* InfoPlist.strings */,
			);
			name = "Supporting Files";
			sourceTree = "<group>";
		};
		7AE1E0991744191A00A94C38 /* UI Classes */ = {
			isa = PBXGroup;
			children = (
				7AE1E073174417E800A94C38 /* MainStoryboard.storyboard */,
				7AF6A58017458E6E00030C16 /* RDStationCell.h */,
				7AF6A58117458E6E00030C16 /* RDStationCell.m */,
				7AF6A57A174588A300030C16 /* RDStationDetailsViewController.h */,
				7AF6A57B174588A300030C16 /* RDStationDetailsViewController.m */,
				7AE1E079174417E800A94C38 /* RDViewController.h */,
				7AE1E07A174417E800A94C38 /* RDViewController.m */,
				7A360EAC1748F38400709DE6 /* RDStationMovementCell.h */,
				7A360EAD1748F38400709DE6 /* RDStationMovementCell.m */,
			);
			name = "UI Classes";
			sourceTree = "<group>";
		};
		7AE1E09A1744193600A94C38 /* Data Caching */ = {
			isa = PBXGroup;
			children = (
				7AE1E0B817442D7A00A94C38 /* Model.xcdatamodeld */,
				7AF6A59017458FEE00030C16 /* RDCacheEntity.h */,
				7AF6A59117458FEE00030C16 /* RDCacheEntity.m */,
				7AF6A58C17458FEE00030C16 /* RDTrainStop.h */,
				7AF6A58D17458FEE00030C16 /* RDTrainStop.m */,
				7AF6A58817458FEE00030C16 /* RDTrainMovement.h */,
				7AF6A58917458FEE00030C16 /* RDTrainMovement.m */,
				7AF6A58417458FEE00030C16 /* RDStation.h */,
				7AF6A58517458FEE00030C16 /* RDStation.m */,
				7AE1E0B01744226700A94C38 /* RDDataCache.h */,
				7AE1E0B11744226700A94C38 /* RDDataCache.m */,
			);
			name = "Data Caching";
			sourceTree = "<group>";
		};
		7AE1E09B1744194300A94C38 /* Network Operations */ = {
			isa = PBXGroup;
			children = (
				7AE1E0B4174422F600A94C38 /* RDNetworkOperationManager.h */,
				7AE1E0B5174422F600A94C38 /* RDNetworkOperationManager.m */,
				7AF6A59417459BD100030C16 /* RDXmlParserHelper.h */,
				7AF6A59517459BD100030C16 /* RDXmlParserHelper.m */,
			);
			name = "Network Operations";
			sourceTree = "<group>";
		};
		7AE1E0A0174421DD00A94C38 /* third-party */ = {
			isa = PBXGroup;
			children = (
				7AE1E0A1174421EB00A94C38 /* GTMHTTPFetcher.xcodeproj */,
			);
			name = "third-party";
			sourceTree = "<group>";
		};
		7AE1E0A2174421EB00A94C38 /* Products */ = {
			isa = PBXGroup;
			children = (
				7AE1E0A7174421EB00A94C38 /* libGTMHTTPFetcher.a */,
				7AE1E0A9174421EB00A94C38 /* UnitTests.octest */,
			);
			name = Products;
			sourceTree = "<group>";
		};
		7AE1E0AB174421FD00A94C38 /* Location Manager */ = {
			isa = PBXGroup;
			children = (
				D2E070CC1745289500AF83A0 /* RDLocationManager.h */,
				D2E070CD1745289500AF83A0 /* RDLocationManager.m */,
			);
			name = "Location Manager";
			sourceTree = "<group>";
		};
/* End PBXGroup section */

/* Begin PBXNativeTarget section */
		7AE1E057174417E700A94C38 /* IrishTrains */ = {
			isa = PBXNativeTarget;
			buildConfigurationList = 7AE1E093174417E800A94C38 /* Build configuration list for PBXNativeTarget "IrishTrains" */;
			buildPhases = (
				7AE1E054174417E700A94C38 /* Sources */,
				7AE1E055174417E700A94C38 /* Frameworks */,
				7AE1E056174417E700A94C38 /* Resources */,
			);
			buildRules = (
			);
			dependencies = (
			);
			name = IrishTrains;
			productName = IrishTrains;
			productReference = 7AE1E058174417E700A94C38 /* IrishTrains.app */;
			productType = "com.apple.product-type.application";
		};
		7AE1E080174417E800A94C38 /* IrishTrainsTests */ = {
			isa = PBXNativeTarget;
			buildConfigurationList = 7AE1E096174417E800A94C38 /* Build configuration list for PBXNativeTarget "IrishTrainsTests" */;
			buildPhases = (
				7AE1E07C174417E800A94C38 /* Sources */,
				7AE1E07D174417E800A94C38 /* Frameworks */,
				7AE1E07E174417E800A94C38 /* Resources */,
				7AE1E07F174417E800A94C38 /* ShellScript */,
			);
			buildRules = (
			);
			dependencies = (
				7AE1E087174417E800A94C38 /* PBXTargetDependency */,
			);
			name = IrishTrainsTests;
			productName = IrishTrainsTests;
			productReference = 7AE1E081174417E800A94C38 /* IrishTrainsTests.octest */;
			productType = "com.apple.product-type.bundle";
		};
/* End PBXNativeTarget section */

/* Begin PBXProject section */
		7AE1E050174417E700A94C38 /* Project object */ = {
			isa = PBXProject;
			attributes = {
				CLASSPREFIX = RD;
				LastUpgradeCheck = 0460;
				ORGANIZATIONNAME = "Oleksiy Ivanov";
				TargetAttributes = {
					7AE1E057174417E700A94C38 = {
						DevelopmentTeam = RQW96GL67X;
					};
				};
			};
			buildConfigurationList = 7AE1E053174417E700A94C38 /* Build configuration list for PBXProject "IrishTrains" */;
			compatibilityVersion = "Xcode 3.2";
			developmentRegion = English;
			hasScannedForEncodings = 0;
			knownRegions = (
				en,
			);
			mainGroup = 7AE1E04F174417E700A94C38;
			productRefGroup = 7AE1E059174417E700A94C38 /* Products */;
			projectDirPath = "";
			projectReferences = (
				{
					ProductGroup = 7AE1E0A2174421EB00A94C38 /* Products */;
					ProjectRef = 7AE1E0A1174421EB00A94C38 /* GTMHTTPFetcher.xcodeproj */;
				},
			);
			projectRoot = "";
			targets = (
				7AE1E057174417E700A94C38 /* IrishTrains */,
				7AE1E080174417E800A94C38 /* IrishTrainsTests */,
			);
		};
/* End PBXProject section */

/* Begin PBXReferenceProxy section */
		7AE1E0A7174421EB00A94C38 /* libGTMHTTPFetcher.a */ = {
			isa = PBXReferenceProxy;
			fileType = archive.ar;
			path = libGTMHTTPFetcher.a;
			remoteRef = 7AE1E0A6174421EB00A94C38 /* PBXContainerItemProxy */;
			sourceTree = BUILT_PRODUCTS_DIR;
		};
		7AE1E0A9174421EB00A94C38 /* UnitTests.octest */ = {
			isa = PBXReferenceProxy;
			fileType = wrapper.cfbundle;
			path = UnitTests.octest;
			remoteRef = 7AE1E0A8174421EB00A94C38 /* PBXContainerItemProxy */;
			sourceTree = BUILT_PRODUCTS_DIR;
		};
/* End PBXReferenceProxy section */

/* Begin PBXResourcesBuildPhase section */
		7AE1E056174417E700A94C38 /* Resources */ = {
			isa = PBXResourcesBuildPhase;
			buildActionMask = 2147483647;
			files = (
				7AE1E066174417E700A94C38 /* InfoPlist.strings in Resources */,
				7AE1E06E174417E800A94C38 /* Default.png in Resources */,
				7AE1E070174417E800A94C38 /* Default@2x.png in Resources */,
				7A868DA417EF839C008C46D0 /* Images.xcassets in Resources */,
				7AE1E072174417E800A94C38 /* Default-568h@2x.png in Resources */,
				7AE1E075174417E800A94C38 /* MainStoryboard.storyboard in Resources */,
			);
			runOnlyForDeploymentPostprocessing = 0;
		};
		7AE1E07E174417E800A94C38 /* Resources */ = {
			isa = PBXResourcesBuildPhase;
			buildActionMask = 2147483647;
			files = (
				7AE1E08D174417E800A94C38 /* InfoPlist.strings in Resources */,
			);
			runOnlyForDeploymentPostprocessing = 0;
		};
/* End PBXResourcesBuildPhase section */

/* Begin PBXShellScriptBuildPhase section */
		7AE1E07F174417E800A94C38 /* ShellScript */ = {
			isa = PBXShellScriptBuildPhase;
			buildActionMask = 2147483647;
			files = (
			);
			inputPaths = (
			);
			outputPaths = (
			);
			runOnlyForDeploymentPostprocessing = 0;
			shellPath = /bin/sh;
			shellScript = "# Run the unit tests in this test bundle.\n\"${SYSTEM_DEVELOPER_DIR}/Tools/RunUnitTests\"\n";
		};
/* End PBXShellScriptBuildPhase section */

/* Begin PBXSourcesBuildPhase section */
		7AE1E054174417E700A94C38 /* Sources */ = {
			isa = PBXSourcesBuildPhase;
			buildActionMask = 2147483647;
			files = (
				7AE1E068174417E800A94C38 /* main.m in Sources */,
				7AE1E06C174417E800A94C38 /* RDAppDelegate.m in Sources */,
				7AE1E07B174417E800A94C38 /* RDViewController.m in Sources */,
				7AE1E0AE1744221800A94C38 /* RDAppController.m in Sources */,
				7AE1E0B21744226700A94C38 /* RDDataCache.m in Sources */,
				7AE1E0B6174422F600A94C38 /* RDNetworkOperationManager.m in Sources */,
				7AE1E0BA17442D7A00A94C38 /* Model.xcdatamodeld in Sources */,
				D2E070CE1745289500AF83A0 /* RDLocationManager.m in Sources */,
				7AF6A57C174588A300030C16 /* RDStationDetailsViewController.m in Sources */,
				7AF6A58217458E6E00030C16 /* RDStationCell.m in Sources */,
				7AF6A58617458FEE00030C16 /* RDStation.m in Sources */,
				7AF6A58A17458FEE00030C16 /* RDTrainMovement.m in Sources */,
				7AF6A58E17458FEE00030C16 /* RDTrainStop.m in Sources */,
				7AF6A59217458FEE00030C16 /* RDCacheEntity.m in Sources */,
				7AF6A59617459BD100030C16 /* RDXmlParserHelper.m in Sources */,
				7A360EAE1748F38400709DE6 /* RDStationMovementCell.m in Sources */,
			);
			runOnlyForDeploymentPostprocessing = 0;
		};
		7AE1E07C174417E800A94C38 /* Sources */ = {
			isa = PBXSourcesBuildPhase;
			buildActionMask = 2147483647;
			files = (
				7AE1E090174417E800A94C38 /* IrishTrainsTests.m in Sources */,
				7AE1E0AF1744221800A94C38 /* RDAppController.m in Sources */,
				7AE1E0B31744226700A94C38 /* RDDataCache.m in Sources */,
				7AE1E0B7174422F600A94C38 /* RDNetworkOperationManager.m in Sources */,
				7AE1E0BB17442D7A00A94C38 /* Model.xcdatamodeld in Sources */,
				7AF6A57D174588A300030C16 /* RDStationDetailsViewController.m in Sources */,
				7AF6A58317458E6E00030C16 /* RDStationCell.m in Sources */,
				7AF6A58717458FEE00030C16 /* RDStation.m in Sources */,
				7AF6A58B17458FEE00030C16 /* RDTrainMovement.m in Sources */,
				7AF6A58F17458FEE00030C16 /* RDTrainStop.m in Sources */,
				7AF6A59317458FEE00030C16 /* RDCacheEntity.m in Sources */,
				7AF6A59717459BD100030C16 /* RDXmlParserHelper.m in Sources */,
				7A360EAF1748F38400709DE6 /* RDStationMovementCell.m in Sources */,
			);
			runOnlyForDeploymentPostprocessing = 0;
		};
/* End PBXSourcesBuildPhase section */

/* Begin PBXTargetDependency section */
		7AE1E087174417E800A94C38 /* PBXTargetDependency */ = {
			isa = PBXTargetDependency;
			target = 7AE1E057174417E700A94C38 /* IrishTrains */;
			targetProxy = 7AE1E086174417E800A94C38 /* PBXContainerItemProxy */;
		};
/* End PBXTargetDependency section */

/* Begin PBXVariantGroup section */
		7AE1E064174417E700A94C38 /* InfoPlist.strings */ = {
			isa = PBXVariantGroup;
			children = (
				7AE1E065174417E700A94C38 /* en */,
			);
			name = InfoPlist.strings;
			sourceTree = "<group>";
		};
		7AE1E073174417E800A94C38 /* MainStoryboard.storyboard */ = {
			isa = PBXVariantGroup;
			children = (
				7AE1E074174417E800A94C38 /* en */,
			);
			name = MainStoryboard.storyboard;
			sourceTree = "<group>";
		};
		7AE1E08B174417E800A94C38 /* InfoPlist.strings */ = {
			isa = PBXVariantGroup;
			children = (
				7AE1E08C174417E800A94C38 /* en */,
			);
			name = InfoPlist.strings;
			sourceTree = "<group>";
		};
/* End PBXVariantGroup section */

/* Begin XCBuildConfiguration section */
		7AE1E091174417E800A94C38 /* Debug */ = {
			isa = XCBuildConfiguration;
			buildSettings = {
				ALWAYS_SEARCH_USER_PATHS = NO;
				CLANG_CXX_LANGUAGE_STANDARD = "gnu++0x";
				CLANG_CXX_LIBRARY = "libc++";
				CLANG_ENABLE_OBJC_ARC = YES;
				CLANG_WARN_CONSTANT_CONVERSION = YES;
				CLANG_WARN_EMPTY_BODY = YES;
				CLANG_WARN_ENUM_CONVERSION = YES;
				CLANG_WARN_INT_CONVERSION = YES;
				CLANG_WARN__DUPLICATE_METHOD_MATCH = YES;
				"CODE_SIGN_IDENTITY[sdk=iphoneos*]" = "iPhone Developer";
				COPY_PHASE_STRIP = NO;
				GCC_C_LANGUAGE_STANDARD = gnu99;
				GCC_DYNAMIC_NO_PIC = NO;
				GCC_OPTIMIZATION_LEVEL = 0;
				GCC_PREPROCESSOR_DEFINITIONS = (
					"DEBUG=1",
					"$(inherited)",
				);
				GCC_SYMBOLS_PRIVATE_EXTERN = NO;
				GCC_WARN_ABOUT_RETURN_TYPE = YES;
				GCC_WARN_UNINITIALIZED_AUTOS = YES;
				GCC_WARN_UNUSED_VARIABLE = YES;
				IPHONEOS_DEPLOYMENT_TARGET = 6.1;
				ONLY_ACTIVE_ARCH = YES;
				SDKROOT = iphoneos;
				TARGETED_DEVICE_FAMILY = "1,2";
			};
			name = Debug;
		};
		7AE1E092174417E800A94C38 /* Release */ = {
			isa = XCBuildConfiguration;
			buildSettings = {
				ALWAYS_SEARCH_USER_PATHS = NO;
				CLANG_CXX_LANGUAGE_STANDARD = "gnu++0x";
				CLANG_CXX_LIBRARY = "libc++";
				CLANG_ENABLE_OBJC_ARC = YES;
				CLANG_WARN_CONSTANT_CONVERSION = YES;
				CLANG_WARN_EMPTY_BODY = YES;
				CLANG_WARN_ENUM_CONVERSION = YES;
				CLANG_WARN_INT_CONVERSION = YES;
				CLANG_WARN__DUPLICATE_METHOD_MATCH = YES;
				"CODE_SIGN_IDENTITY[sdk=iphoneos*]" = "iPhone Developer";
				COPY_PHASE_STRIP = YES;
				GCC_C_LANGUAGE_STANDARD = gnu99;
				GCC_WARN_ABOUT_RETURN_TYPE = YES;
				GCC_WARN_UNINITIALIZED_AUTOS = YES;
				GCC_WARN_UNUSED_VARIABLE = YES;
				IPHONEOS_DEPLOYMENT_TARGET = 6.1;
				OTHER_CFLAGS = "-DNS_BLOCK_ASSERTIONS=1";
				SDKROOT = iphoneos;
				TARGETED_DEVICE_FAMILY = "1,2";
				VALIDATE_PRODUCT = YES;
			};
			name = Release;
		};
		7AE1E094174417E800A94C38 /* Debug */ = {
			isa = XCBuildConfiguration;
			buildSettings = {
				ASSETCATALOG_COMPILER_APPICON_NAME = AppIcon;
				ASSETCATALOG_COMPILER_LAUNCHIMAGE_NAME = LaunchImage;
				CODE_SIGN_IDENTITY = "iPhone Developer";
				"CODE_SIGN_IDENTITY[sdk=iphoneos*]" = "iPhone Developer";
				GCC_PRECOMPILE_PREFIX_HEADER = YES;
				GCC_PREFIX_HEADER = "IrishTrains/IrishTrains-Prefix.pch";
				HEADER_SEARCH_PATHS = "IrishTrains/third-party/gtm-http-fetcher/Source";
				INFOPLIST_FILE = "IrishTrains/IrishTrains-Info.plist";
				IPHONEOS_DEPLOYMENT_TARGET = 6.0;
				PRODUCT_NAME = "$(TARGET_NAME)";
				PROVISIONING_PROFILE = "1F12FF50-37F3-4B95-930C-752AB306E6FB";
				WRAPPER_EXTENSION = app;
			};
			name = Debug;
		};
		7AE1E095174417E800A94C38 /* Release */ = {
			isa = XCBuildConfiguration;
			buildSettings = {
				ASSETCATALOG_COMPILER_APPICON_NAME = AppIcon;
				ASSETCATALOG_COMPILER_LAUNCHIMAGE_NAME = LaunchImage;
				CODE_SIGN_IDENTITY = "iPhone Developer";
				"CODE_SIGN_IDENTITY[sdk=iphoneos*]" = "iPhone Developer";
				GCC_PRECOMPILE_PREFIX_HEADER = YES;
				GCC_PREFIX_HEADER = "IrishTrains/IrishTrains-Prefix.pch";
				HEADER_SEARCH_PATHS = "IrishTrains/third-party/gtm-http-fetcher/Source";
				INFOPLIST_FILE = "IrishTrains/IrishTrains-Info.plist";
				IPHONEOS_DEPLOYMENT_TARGET = 6.0;
				PRODUCT_NAME = "$(TARGET_NAME)";
				PROVISIONING_PROFILE = "1F12FF50-37F3-4B95-930C-752AB306E6FB";
				WRAPPER_EXTENSION = app;
			};
			name = Release;
		};
		7AE1E097174417E800A94C38 /* Debug */ = {
			isa = XCBuildConfiguration;
			buildSettings = {
				BUNDLE_LOADER = "$(BUILT_PRODUCTS_DIR)/IrishTrains.app/IrishTrains";
				FRAMEWORK_SEARCH_PATHS = (
					"\"$(SDKROOT)/Developer/Library/Frameworks\"",
					"\"$(DEVELOPER_LIBRARY_DIR)/Frameworks\"",
				);
				GCC_PRECOMPILE_PREFIX_HEADER = YES;
				GCC_PREFIX_HEADER = "IrishTrains/IrishTrains-Prefix.pch";
				INFOPLIST_FILE = "IrishTrainsTests/IrishTrainsTests-Info.plist";
				PRODUCT_NAME = "$(TARGET_NAME)";
				TEST_HOST = "$(BUNDLE_LOADER)";
				WRAPPER_EXTENSION = octest;
			};
			name = Debug;
		};
		7AE1E098174417E800A94C38 /* Release */ = {
			isa = XCBuildConfiguration;
			buildSettings = {
				BUNDLE_LOADER = "$(BUILT_PRODUCTS_DIR)/IrishTrains.app/IrishTrains";
				FRAMEWORK_SEARCH_PATHS = (
					"\"$(SDKROOT)/Developer/Library/Frameworks\"",
					"\"$(DEVELOPER_LIBRARY_DIR)/Frameworks\"",
				);
				GCC_PRECOMPILE_PREFIX_HEADER = YES;
				GCC_PREFIX_HEADER = "IrishTrains/IrishTrains-Prefix.pch";
				INFOPLIST_FILE = "IrishTrainsTests/IrishTrainsTests-Info.plist";
				PRODUCT_NAME = "$(TARGET_NAME)";
				TEST_HOST = "$(BUNDLE_LOADER)";
				WRAPPER_EXTENSION = octest;
			};
			name = Release;
		};
/* End XCBuildConfiguration section */

/* Begin XCConfigurationList section */
		7AE1E053174417E700A94C38 /* Build configuration list for PBXProject "IrishTrains" */ = {
			isa = XCConfigurationList;
			buildConfigurations = (
				7AE1E091174417E800A94C38 /* Debug */,
				7AE1E092174417E800A94C38 /* Release */,
			);
			defaultConfigurationIsVisible = 0;
			defaultConfigurationName = Release;
		};
		7AE1E093174417E800A94C38 /* Build configuration list for PBXNativeTarget "IrishTrains" */ = {
			isa = XCConfigurationList;
			buildConfigurations = (
				7AE1E094174417E800A94C38 /* Debug */,
				7AE1E095174417E800A94C38 /* Release */,
			);
			defaultConfigurationIsVisible = 0;
			defaultConfigurationName = Release;
		};
		7AE1E096174417E800A94C38 /* Build configuration list for PBXNativeTarget "IrishTrainsTests" */ = {
			isa = XCConfigurationList;
			buildConfigurations = (
				7AE1E097174417E800A94C38 /* Debug */,
				7AE1E098174417E800A94C38 /* Release */,
			);
			defaultConfigurationIsVisible = 0;
			defaultConfigurationName = Release;
		};
/* End XCConfigurationList section */

/* Begin XCVersionGroup section */
		7AE1E0B817442D7A00A94C38 /* Model.xcdatamodeld */ = {
			isa = XCVersionGroup;
			children = (
				7AE1E0B917442D7A00A94C38 /* Model.xcdatamodel */,
			);
			currentVersion = 7AE1E0B917442D7A00A94C38 /* Model.xcdatamodel */;
			path = Model.xcdatamodeld;
			sourceTree = "<group>";
			versionGroupType = wrapper.xcdatamodel;
		};
/* End XCVersionGroup section */
	};
	rootObject = 7AE1E050174417E700A94C38 /* Project object */;
}
